
Microsoft Visual Studio Solution File, Format Version 12.00
# Visual Studio Version 16
VisualStudioVersion = 16.0.32106.194
MinimumVisualStudioVersion = 10.0.40219.1
Project("{FAE04EC0-301F-11D3-BF4B-00C04F79EFBC}") = "IdService", "IdService\IdService.csproj", "{6631045A-D7C8-4559-A156-F9F9B505C266}"
EndProject
Global
	GlobalSection(SolutionConfigurationPlatforms) = preSolution
		Debug|Any CPU = Debug|Any CPU
		Release|Any CPU = Release|Any CPU
	EndGlobalSection
	GlobalSection(ProjectConfigurationPlatforms) = postSolution
		{6631045A-D7C8-4559-A156-F9F9B505C266}.Debug|Any CPU.ActiveCfg = Debug|Any CPU
		{6631045A-D7C8-4559-A156-F9F9B505C266}.Debug|Any CPU.Build.0 = Debug|Any CPU
		{6631045A-D7C8-4559-A156-F9F9B505C266}.Release|Any CPU.ActiveCfg = Release|Any CPU
		{6631045A-D7C8-4559-A156-F9F9B505C266}.Release|Any CPU.Build.0 = Release|Any CPU
	EndGlobalSection
	GlobalSection(SolutionProperties) = preSolution
		HideSolutionNode = FALSE
	EndGlobalSection
	GlobalSection(ExtensibilityGlobals) = postSolution
		SolutionGuid = {4751107A-AF80-4298-A1F3-BDC6B09578C9}
	EndGlobalSection
EndGlobal
